PODS:
  - Alamofire (4.6.0)
  - AlamofireSwiftyJSON (1.0.1):
    - Alamofire (~> 4.0)
    - SwiftyJSON (~> 4.0)
  - Auth0 (1.9.1):
    - SimpleKeychain
  - SimpleKeychain (0.8.0)
  - SwiftyJSON (4.0.0)

DEPENDENCIES:
  - AlamofireSwiftyJSON
  - Auth0 (~> 1.5)

SPEC CHECKSUMS:
  Alamofire: f41a599bd63041760b26d393ec1069d9d7b917f4
  AlamofireSwiftyJSON: ad896b68b586aea5de8ddba641ad3b402b8d5511
  Auth0: f00227cf5f1d573a8c6eb7e454649ee0c7742bb2
  SimpleKeychain: 84c748463eec601dfee5e7990f55cc82edc5488d
  SwiftyJSON: 070dabdcb1beb81b247c65ffa3a79dbbfb3b48aa

PODFILE CHECKSUM: 84daa0433165ae1f770b3ce1804cac226a3ee202

COCOAPODS: 1.4.0
